
Microsoft Visual Studio Solution File, Format Version 12.00
# Visual Studio Version 16
VisualStudioVersion = 16.0.29519.181
MinimumVisualStudioVersion = 10.0.40219.1
Project("{9A19103F-16F7-4668-BE54-9A1E7A4F7556}") = "BicycleBikes", "BikeStore\BicycleBikes.csproj", "{FA2FAEEC-8B17-4CEB-8334-A80A59AD5BA5}"
EndProject
Global
	GlobalSection(SolutionConfigurationPlatforms) = preSolution
		Debug|Any CPU = Debug|Any CPU
		Release|Any CPU = Release|Any CPU
	EndGlobalSection
	GlobalSection(ProjectConfigurationPlatforms) = postSolution
		{FA2FAEEC-8B17-4CEB-8334-A80A59AD5BA5}.Debug|Any CPU.ActiveCfg = Debug|Any CPU
		{FA2FAEEC-8B17-4CEB-8334-A80A59AD5BA5}.Debug|Any CPU.Build.0 = Debug|Any CPU
		{FA2FAEEC-8B17-4CEB-8334-A80A59AD5BA5}.Release|Any CPU.ActiveCfg = Release|Any CPU
		{FA2FAEEC-8B17-4CEB-8334-A80A59AD5BA5}.Release|Any CPU.Build.0 = Release|Any CPU
	EndGlobalSection
	GlobalSection(SolutionProperties) = preSolution
		HideSolutionNode = FALSE
	EndGlobalSection
	GlobalSection(ExtensibilityGlobals) = postSolution
		SolutionGuid = {54424F46-9166-437C-8550-15B71239F98E}
	EndGlobalSection
EndGlobal
